// !$*UTF8*$!
{
	archiveVersion = 1;
	classes = {
	};
	objectVersion = 51;
	objects = {

/* Begin PBXBuildFile section */
		5D1DEFE327A50FFB00615C7E /* NextPageViewController.swift in Sources */ = {isa = PBXBuildFile; fileRef = 5D1DEFE227A50FFB00615C7E /* NextPageViewController.swift */; };
		5D5CF1D027A6CA2800A06925 /* MenuItemsCell.swift in Sources */ = {isa = PBXBuildFile; fileRef = 5D5CF1CF27A6CA2800A06925 /* MenuItemsCell.swift */; };
		5D5CF1D327A6CD6F00A06925 /* Menu.swift in Sources */ = {isa = PBXBuildFile; fileRef = 5D5CF1D227A6CD6F00A06925 /* Menu.swift */; };
		5D5CF1D527A6CD8300A06925 /* Section.swift in Sources */ = {isa = PBXBuildFile; fileRef = 5D5CF1D427A6CD8300A06925 /* Section.swift */; };
		5D6834AD27BCD31B00269FA6 /* ForgotPasswordViewController.swift in Sources */ = {isa = PBXBuildFile; fileRef = 5D6834AC27BCD31B00269FA6 /* ForgotPasswordViewController.swift */; };
		5D7DCD2F27BE2D1D00A4F34F /* ProfilePageViewController.swift in Sources */ = {isa = PBXBuildFile; fileRef = 5D7DCD2E27BE2D1D00A4F34F /* ProfilePageViewController.swift */; };
		5DD22A4D27117957003F61B2 /* Utilities.swift in Sources */ = {isa = PBXBuildFile; fileRef = 5DD22A4B27117957003F61B2 /* Utilities.swift */; };
		5DD22A4E27117957003F61B2 /* Constants.swift in Sources */ = {isa = PBXBuildFile; fileRef = 5DD22A4C27117957003F61B2 /* Constants.swift */; };
		5DD22A522711C238003F61B2 /* GoogleService-Info.plist in Resources */ = {isa = PBXBuildFile; fileRef = 5DD22A512711C238003F61B2 /* GoogleService-Info.plist */; };
		5DDA9E772711671200938A30 /* AppDelegate.swift in Sources */ = {isa = PBXBuildFile; fileRef = 5DDA9E762711671200938A30 /* AppDelegate.swift */; };
		5DDA9E792711671200938A30 /* SceneDelegate.swift in Sources */ = {isa = PBXBuildFile; fileRef = 5DDA9E782711671200938A30 /* SceneDelegate.swift */; };
		5DDA9E7B2711671200938A30 /* ViewController.swift in Sources */ = {isa = PBXBuildFile; fileRef = 5DDA9E7A2711671200938A30 /* ViewController.swift */; };
		5DDA9E7E2711671200938A30 /* Main.storyboard in Resources */ = {isa = PBXBuildFile; fileRef = 5DDA9E7C2711671200938A30 /* Main.storyboard */; };
		5DDA9E802711671200938A30 /* Assets.xcassets in Resources */ = {isa = PBXBuildFile; fileRef = 5DDA9E7F2711671200938A30 /* Assets.xcassets */; };
		5DDA9E832711671200938A30 /* LaunchScreen.storyboard in Resources */ = {isa = PBXBuildFile; fileRef = 5DDA9E812711671200938A30 /* LaunchScreen.storyboard */; };
		5DDA9E8F2711677A00938A30 /* HomeViewController.swift in Sources */ = {isa = PBXBuildFile; fileRef = 5DDA9E8E2711677A00938A30 /* HomeViewController.swift */; };
		5DDA9E912711678100938A30 /* LogInViewController.swift in Sources */ = {isa = PBXBuildFile; fileRef = 5DDA9E902711678100938A30 /* LogInViewController.swift */; };
		5DDA9E932711678A00938A30 /* SignUpViewController.swift in Sources */ = {isa = PBXBuildFile; fileRef = 5DDA9E922711678A00938A30 /* SignUpViewController.swift */; };
		8416CFD927BBD44E0095240A /* Product.swift in Sources */ = {isa = PBXBuildFile; fileRef = 8416CFD827BBD44E0095240A /* Product.swift */; };
		8416CFDB27BBD46B0095240A /* Helper in Resources */ = {isa = PBXBuildFile; fileRef = 8416CFDA27BBD46B0095240A /* Helper */; };
		D2CED05523EE1FCAD56359B6 /* Pods_Black_Oak.framework in Frameworks */ = {isa = PBXBuildFile; fileRef = 0CC5E89FB91B5ACCD6EB0451 /* Pods_Black_Oak.framework */; };
/* End PBXBuildFile section */

/* Begin PBXFileReference section */
		0CC5E89FB91B5ACCD6EB0451 /* Pods_Black_Oak.framework */ = {isa = PBXFileReference; explicitFileType = wrapper.framework; includeInIndex = 0; path = Pods_Black_Oak.framework; sourceTree = BUILT_PRODUCTS_DIR; };
		5D1DEFE227A50FFB00615C7E /* NextPageViewController.swift */ = {isa = PBXFileReference; lastKnownFileType = sourcecode.swift; path = NextPageViewController.swift; sourceTree = "<group>"; };
		5D5CF1CF27A6CA2800A06925 /* MenuItemsCell.swift */ = {isa = PBXFileReference; lastKnownFileType = sourcecode.swift; path = MenuItemsCell.swift; sourceTree = "<group>"; };
		5D5CF1D227A6CD6F00A06925 /* Menu.swift */ = {isa = PBXFileReference; lastKnownFileType = sourcecode.swift; path = Menu.swift; sourceTree = "<group>"; };
		5D5CF1D427A6CD8300A06925 /* Section.swift */ = {isa = PBXFileReference; lastKnownFileType = sourcecode.swift; path = Section.swift; sourceTree = "<group>"; };
		5D6834AC27BCD31B00269FA6 /* ForgotPasswordViewController.swift */ = {isa = PBXFileReference; lastKnownFileType = sourcecode.swift; path = ForgotPasswordViewController.swift; sourceTree = "<group>"; };
		5D7DCD2E27BE2D1D00A4F34F /* ProfilePageViewController.swift */ = {isa = PBXFileReference; lastKnownFileType = sourcecode.swift; path = ProfilePageViewController.swift; sourceTree = "<group>"; };
		5DD22A4B27117957003F61B2 /* Utilities.swift */ = {isa = PBXFileReference; fileEncoding = 4; lastKnownFileType = sourcecode.swift; path = Utilities.swift; sourceTree = "<group>"; };
		5DD22A4C27117957003F61B2 /* Constants.swift */ = {isa = PBXFileReference; fileEncoding = 4; lastKnownFileType = sourcecode.swift; path = Constants.swift; sourceTree = "<group>"; };
		5DD22A512711C238003F61B2 /* GoogleService-Info.plist */ = {isa = PBXFileReference; fileEncoding = 4; lastKnownFileType = text.plist.xml; path = "GoogleService-Info.plist"; sourceTree = "<group>"; };
		5DDA9E732711671200938A30 /* Black Oak.app */ = {isa = PBXFileReference; explicitFileType = wrapper.application; includeInIndex = 0; path = "Black Oak.app"; sourceTree = BUILT_PRODUCTS_DIR; };
		5DDA9E762711671200938A30 /* AppDelegate.swift */ = {isa = PBXFileReference; lastKnownFileType = sourcecode.swift; path = AppDelegate.swift; sourceTree = "<group>"; };
		5DDA9E782711671200938A30 /* SceneDelegate.swift */ = {isa = PBXFileReference; lastKnownFileType = sourcecode.swift; path = SceneDelegate.swift; sourceTree = "<group>"; };
		5DDA9E7A2711671200938A30 /* ViewController.swift */ = {isa = PBXFileReference; lastKnownFileType = sourcecode.swift; path = ViewController.swift; sourceTree = "<group>"; };
		5DDA9E7D2711671200938A30 /* Base */ = {isa = PBXFileReference; lastKnownFileType = file.storyboard; name = Base; path = Base.lproj/Main.storyboard; sourceTree = "<group>"; };
		5DDA9E7F2711671200938A30 /* Assets.xcassets */ = {isa = PBXFileReference; lastKnownFileType = folder.assetcatalog; path = Assets.xcassets; sourceTree = "<group>"; };
		5DDA9E822711671200938A30 /* Base */ = {isa = PBXFileReference; lastKnownFileType = file.storyboard; name = Base; path = Base.lproj/LaunchScreen.storyboard; sourceTree = "<group>"; };
		5DDA9E842711671200938A30 /* Info.plist */ = {isa = PBXFileReference; lastKnownFileType = text.plist.xml; path = Info.plist; sourceTree = "<group>"; };
		5DDA9E8E2711677A00938A30 /* HomeViewController.swift */ = {isa = PBXFileReference; lastKnownFileType = sourcecode.swift; path = HomeViewController.swift; sourceTree = "<group>"; };
		5DDA9E902711678100938A30 /* LogInViewController.swift */ = {isa = PBXFileReference; lastKnownFileType = sourcecode.swift; path = LogInViewController.swift; sourceTree = "<group>"; };
		5DDA9E922711678A00938A30 /* SignUpViewController.swift */ = {isa = PBXFileReference; lastKnownFileType = sourcecode.swift; path = SignUpViewController.swift; sourceTree = "<group>"; };
		8416CFD827BBD44E0095240A /* Product.swift */ = {isa = PBXFileReference; fileEncoding = 4; lastKnownFileType = sourcecode.swift; path = Product.swift; sourceTree = "<group>"; };
		8416CFDA27BBD46B0095240A /* Helper */ = {isa = PBXFileReference; lastKnownFileType = folder; path = Helper; sourceTree = "<group>"; };
		C84BCFDAB879C07C69A30C5B /* Pods-Black Oak.release.xcconfig */ = {isa = PBXFileReference; includeInIndex = 1; lastKnownFileType = text.xcconfig; name = "Pods-Black Oak.release.xcconfig"; path = "Target Support Files/Pods-Black Oak/Pods-Black Oak.release.xcconfig"; sourceTree = "<group>"; };
		E8C00F8BBCCB39CCBC65B3B6 /* Pods-Black Oak.debug.xcconfig */ = {isa = PBXFileReference; includeInIndex = 1; lastKnownFileType = text.xcconfig; name = "Pods-Black Oak.debug.xcconfig"; path = "Target Support Files/Pods-Black Oak/Pods-Black Oak.debug.xcconfig"; sourceTree = "<group>"; };
/* End PBXFileReference section */

/* Begin PBXFrameworksBuildPhase section */
		5DDA9E702711671200938A30 /* Frameworks */ = {
			isa = PBXFrameworksBuildPhase;
			buildActionMask = 2147483647;
			files = (
				D2CED05523EE1FCAD56359B6 /* Pods_Black_Oak.framework in Frameworks */,
			);
			runOnlyForDeploymentPostprocessing = 0;
		};
/* End PBXFrameworksBuildPhase section */

/* Begin PBXGroup section */
		1E9B20BDAF89C0A8FF6D1CCD /* Pods */ = {
			isa = PBXGroup;
			children = (
				E8C00F8BBCCB39CCBC65B3B6 /* Pods-Black Oak.debug.xcconfig */,
				C84BCFDAB879C07C69A30C5B /* Pods-Black Oak.release.xcconfig */,
			);
			path = Pods;
			sourceTree = "<group>";
		};
		5D5CF1D127A6CD6000A06925 /* Model */ = {
			isa = PBXGroup;
			children = (
				5D5CF1D227A6CD6F00A06925 /* Menu.swift */,
				8416CFD827BBD44E0095240A /* Product.swift */,
				5D5CF1D427A6CD8300A06925 /* Section.swift */,
			);
			path = Model;
			sourceTree = "<group>";
		};
		5DDA9E6A2711671200938A30 = {
			isa = PBXGroup;
			children = (
				5DDA9E752711671200938A30 /* Black Oak */,
				5DDA9E742711671200938A30 /* Products */,
				1E9B20BDAF89C0A8FF6D1CCD /* Pods */,
				6ABB29ACBBFC8B16A674439D /* Frameworks */,
			);
			sourceTree = "<group>";
		};
		5DDA9E742711671200938A30 /* Products */ = {
			isa = PBXGroup;
			children = (
				5DDA9E732711671200938A30 /* Black Oak.app */,
			);
			name = Products;
			sourceTree = "<group>";
		};
		5DDA9E752711671200938A30 /* Black Oak */ = {
			isa = PBXGroup;
			children = (
				8416CFDA27BBD46B0095240A /* Helper */,
				5D5CF1D127A6CD6000A06925 /* Model */,
				5DD22A4C27117957003F61B2 /* Constants.swift */,
				5DD22A4B27117957003F61B2 /* Utilities.swift */,
				5DDA9E782711671200938A30 /* SceneDelegate.swift */,
				5DDA9E762711671200938A30 /* AppDelegate.swift */,
				5DDA9E942711679F00938A30 /* View Controllers */,
				5DDA9E7C2711671200938A30 /* Main.storyboard */,
				5DDA9E7F2711671200938A30 /* Assets.xcassets */,
				5DDA9E812711671200938A30 /* LaunchScreen.storyboard */,
				5DD22A512711C238003F61B2 /* GoogleService-Info.plist */,
				5DDA9E842711671200938A30 /* Info.plist */,
			);
			path = "Black Oak";
			sourceTree = "<group>";
		};
		5DDA9E942711679F00938A30 /* View Controllers */ = {
			isa = PBXGroup;
			children = (
				5DDA9E922711678A00938A30 /* SignUpViewController.swift */,
				5DDA9E902711678100938A30 /* LogInViewController.swift */,
				5DDA9E8E2711677A00938A30 /* HomeViewController.swift */,
				5DDA9E7A2711671200938A30 /* ViewController.swift */,
				5D1DEFE227A50FFB00615C7E /* NextPageViewController.swift */,
				5D5CF1CF27A6CA2800A06925 /* MenuItemsCell.swift */,
				5D6834AC27BCD31B00269FA6 /* ForgotPasswordViewController.swift */,
				5D7DCD2E27BE2D1D00A4F34F /* ProfilePageViewController.swift */,
			);
			path = "View Controllers";
			sourceTree = "<group>";
		};
		6ABB29ACBBFC8B16A674439D /* Frameworks */ = {
			isa = PBXGroup;
			children = (
				0CC5E89FB91B5ACCD6EB0451 /* Pods_Black_Oak.framework */,
			);
			name = Frameworks;
			sourceTree = "<group>";
		};
/* End PBXGroup section */

/* Begin PBXNativeTarget section */
		5DDA9E722711671200938A30 /* Black Oak */ = {
			isa = PBXNativeTarget;
			buildConfigurationList = 5DDA9E872711671200938A30 /* Build configuration list for PBXNativeTarget "Black Oak" */;
			buildPhases = (
				5915DFF6E4DA63106B79673C /* [CP] Check Pods Manifest.lock */,
				5DDA9E6F2711671200938A30 /* Sources */,
				5DDA9E702711671200938A30 /* Frameworks */,
				5DDA9E712711671200938A30 /* Resources */,
				DE351F71C92C86C641959A00 /* [CP] Embed Pods Frameworks */,
			);
			buildRules = (
			);
			dependencies = (
			);
			name = "Black Oak";
			productName = "Black Oak";
			productReference = 5DDA9E732711671200938A30 /* Black Oak.app */;
			productType = "com.apple.product-type.application";
		};
/* End PBXNativeTarget section */

/* Begin PBXProject section */
		5DDA9E6B2711671200938A30 /* Project object */ = {
			isa = PBXProject;
			attributes = {
				LastSwiftUpdateCheck = 1250;
				LastUpgradeCheck = 1250;
				TargetAttributes = {
					5DDA9E722711671200938A30 = {
						CreatedOnToolsVersion = 12.5;
					};
				};
			};
			buildConfigurationList = 5DDA9E6E2711671200938A30 /* Build configuration list for PBXProject "Black Oak" */;
			compatibilityVersion = "Xcode 9.3";
			developmentRegion = en;
			hasScannedForEncodings = 0;
			knownRegions = (
				en,
				Base,
			);
			mainGroup = 5DDA9E6A2711671200938A30;
			productRefGroup = 5DDA9E742711671200938A30 /* Products */;
			projectDirPath = "";
			projectRoot = "";
			targets = (
				5DDA9E722711671200938A30 /* Black Oak */,
			);
		};
/* End PBXProject section */

/* Begin PBXResourcesBuildPhase section */
		5DDA9E712711671200938A30 /* Resources */ = {
			isa = PBXResourcesBuildPhase;
			buildActionMask = 2147483647;
			files = (
				8416CFDB27BBD46B0095240A /* Helper in Resources */,
				5DDA9E832711671200938A30 /* LaunchScreen.storyboard in Resources */,
				5DD22A522711C238003F61B2 /* GoogleService-Info.plist in Resources */,
				5DDA9E802711671200938A30 /* Assets.xcassets in Resources */,
				5DDA9E7E2711671200938A30 /* Main.storyboard in Resources */,
			);
			runOnlyForDeploymentPostprocessing = 0;
		};
/* End PBXResourcesBuildPhase section */

/* Begin PBXShellScriptBuildPhase section */
		5915DFF6E4DA63106B79673C /* [CP] Check Pods Manifest.lock */ = {
			isa = PBXShellScriptBuildPhase;
			buildActionMask = 2147483647;
			files = (
			);
			inputFileListPaths = (
			);
			inputPaths = (
				"${PODS_PODFILE_DIR_PATH}/Podfile.lock",
				"${PODS_ROOT}/Manifest.lock",
			);
			name = "[CP] Check Pods Manifest.lock";
			outputFileListPaths = (
			);
			outputPaths = (
				"$(DERIVED_FILE_DIR)/Pods-Black Oak-checkManifestLockResult.txt",
			);
			runOnlyForDeploymentPostprocessing = 0;
			shellPath = /bin/sh;
			shellScript = "diff \"${PODS_PODFILE_DIR_PATH}/Podfile.lock\" \"${PODS_ROOT}/Manifest.lock\" > /dev/null\nif [ $? != 0 ] ; then\n    # print error to STDERR\n    echo \"error: The sandbox is not in sync with the Podfile.lock. Run 'pod install' or update your CocoaPods installation.\" >&2\n    exit 1\nfi\n# This output is used by Xcode 'outputs' to avoid re-running this script phase.\necho \"SUCCESS\" > \"${SCRIPT_OUTPUT_FILE_0}\"\n";
			showEnvVarsInLog = 0;
		};
		DE351F71C92C86C641959A00 /* [CP] Embed Pods Frameworks */ = {
			isa = PBXShellScriptBuildPhase;
			buildActionMask = 2147483647;
			files = (
			);
			inputFileListPaths = (
				"${PODS_ROOT}/Target Support Files/Pods-Black Oak/Pods-Black Oak-frameworks-${CONFIGURATION}-input-files.xcfilelist",
			);
			name = "[CP] Embed Pods Frameworks";
			outputFileListPaths = (
				"${PODS_ROOT}/Target Support Files/Pods-Black Oak/Pods-Black Oak-frameworks-${CONFIGURATION}-output-files.xcfilelist",
			);
			runOnlyForDeploymentPostprocessing = 0;
			shellPath = /bin/sh;
			shellScript = "\"${PODS_ROOT}/Target Support Files/Pods-Black Oak/Pods-Black Oak-frameworks.sh\"\n";
			showEnvVarsInLog = 0;
		};
/* End PBXShellScriptBuildPhase section */

/* Begin PBXSourcesBuildPhase section */
		5DDA9E6F2711671200938A30 /* Sources */ = {
			isa = PBXSourcesBuildPhase;
			buildActionMask = 2147483647;
			files = (
				5DDA9E932711678A00938A30 /* SignUpViewController.swift in Sources */,
				5D5CF1D027A6CA2800A06925 /* MenuItemsCell.swift in Sources */,
				5DDA9E7B2711671200938A30 /* ViewController.swift in Sources */,
				5D1DEFE327A50FFB00615C7E /* NextPageViewController.swift in Sources */,
				5DD22A4D27117957003F61B2 /* Utilities.swift in Sources */,
				5D5CF1D327A6CD6F00A06925 /* Menu.swift in Sources */,
				5DDA9E772711671200938A30 /* AppDelegate.swift in Sources */,
				5DDA9E792711671200938A30 /* SceneDelegate.swift in Sources */,
				5D6834AD27BCD31B00269FA6 /* ForgotPasswordViewController.swift in Sources */,
				5DDA9E912711678100938A30 /* LogInViewController.swift in Sources */,
				5D7DCD2F27BE2D1D00A4F34F /* ProfilePageViewController.swift in Sources */,
				5D5CF1D527A6CD8300A06925 /* Section.swift in Sources */,
				5DDA9E8F2711677A00938A30 /* HomeViewController.swift in Sources */,
				5DD22A4E27117957003F61B2 /* Constants.swift in Sources */,
				8416CFD927BBD44E0095240A /* Product.swift in Sources */,
			);
			runOnlyForDeploymentPostprocessing = 0;
		};
/* End PBXSourcesBuildPhase section */

/* Begin PBXVariantGroup section */
		5DDA9E7C2711671200938A30 /* Main.storyboard */ = {
			isa = PBXVariantGroup;
			children = (
				5DDA9E7D2711671200938A30 /* Base */,
			);
			name = Main.storyboard;
			sourceTree = "<group>";
		};
		5DDA9E812711671200938A30 /* LaunchScreen.storyboard */ = {
			isa = PBXVariantGroup;
			children = (
				5DDA9E822711671200938A30 /* Base */,
			);
			name = LaunchScreen.storyboard;
			sourceTree = "<group>";
		};
/* End PBXVariantGroup section */

/* Begin XCBuildConfiguration section */
		5DDA9E852711671200938A30 /* Debug */ = {
			isa = XCBuildConfiguration;
			buildSettings = {
				ALWAYS_SEARCH_USER_PATHS = NO;
				CLANG_ANALYZER_NONNULL = YES;
				CLANG_ANALYZER_NUMBER_OBJECT_CONVERSION = YES_AGGRESSIVE;
				CLANG_CXX_LANGUAGE_STANDARD = "gnu++14";
				CLANG_CXX_LIBRARY = "libc++";
				CLANG_ENABLE_MODULES = YES;
				CLANG_ENABLE_OBJC_ARC = YES;
				CLANG_ENABLE_OBJC_WEAK = YES;
				CLANG_WARN_BLOCK_CAPTURE_AUTORELEASING = YES;
				CLANG_WARN_BOOL_CONVERSION = YES;
				CLANG_WARN_COMMA = YES;
				CLANG_WARN_CONSTANT_CONVERSION = YES;
				CLANG_WARN_DEPRECATED_OBJC_IMPLEMENTATIONS = YES;
				CLANG_WARN_DIRECT_OBJC_ISA_USAGE = YES_ERROR;
				CLANG_WARN_DOCUMENTATION_COMMENTS = YES;
				CLANG_WARN_EMPTY_BODY = YES;
				CLANG_WARN_ENUM_CONVERSION = YES;
				CLANG_WARN_INFINITE_RECURSION = YES;
				CLANG_WARN_INT_CONVERSION = YES;
				CLANG_WARN_NON_LITERAL_NULL_CONVERSION = YES;
				CLANG_WARN_OBJC_IMPLICIT_RETAIN_SELF = YES;
				CLANG_WARN_OBJC_LITERAL_CONVERSION = YES;
				CLANG_WARN_OBJC_ROOT_CLASS = YES_ERROR;
				CLANG_WARN_QUOTED_INCLUDE_IN_FRAMEWORK_HEADER = YES;
				CLANG_WARN_RANGE_LOOP_ANALYSIS = YES;
				CLANG_WARN_STRICT_PROTOTYPES = YES;
				CLANG_WARN_SUSPICIOUS_MOVE = YES;
				CLANG_WARN_UNGUARDED_AVAILABILITY = YES_AGGRESSIVE;
				CLANG_WARN_UNREACHABLE_CODE = YES;
				CLANG_WARN__DUPLICATE_METHOD_MATCH = YES;
				COPY_PHASE_STRIP = NO;
				DEBUG_INFORMATION_FORMAT = dwarf;
				ENABLE_STRICT_OBJC_MSGSEND = YES;
				ENABLE_TESTABILITY = YES;
				GCC_C_LANGUAGE_STANDARD = gnu11;
				GCC_DYNAMIC_NO_PIC = NO;
				GCC_NO_COMMON_BLOCKS = YES;
				GCC_OPTIMIZATION_LEVEL = 0;
				GCC_PREPROCESSOR_DEFINITIONS = (
					"DEBUG=1",
					"$(inherited)",
				);
				GCC_WARN_64_TO_32_BIT_CONVERSION = YES;
				GCC_WARN_ABOUT_RETURN_TYPE = YES_ERROR;
				GCC_WARN_UNDECLARED_SELECTOR = YES;
				GCC_WARN_UNINITIALIZED_AUTOS = YES_AGGRESSIVE;
				GCC_WARN_UNUSED_FUNCTION = YES;
				GCC_WARN_UNUSED_VARIABLE = YES;
				IPHONEOS_DEPLOYMENT_TARGET = 14.5;
				MTL_ENABLE_DEBUG_INFO = INCLUDE_SOURCE;
				MTL_FAST_MATH = YES;
				ONLY_ACTIVE_ARCH = YES;
				SDKROOT = iphoneos;
				SWIFT_ACTIVE_COMPILATION_CONDITIONS = DEBUG;
				SWIFT_OPTIMIZATION_LEVEL = "-Onone";
			};
			name = Debug;
		};
		5DDA9E862711671200938A30 /* Release */ = {
			isa = XCBuildConfiguration;
			buildSettings = {
				ALWAYS_SEARCH_USER_PATHS = NO;
				CLANG_ANALYZER_NONNULL = YES;
				CLANG_ANALYZER_NUMBER_OBJECT_CONVERSION = YES_AGGRESSIVE;
				CLANG_CXX_LANGUAGE_STANDARD = "gnu++14";
				CLANG_CXX_LIBRARY = "libc++";
				CLANG_ENABLE_MODULES = YES;
				CLANG_ENABLE_OBJC_ARC = YES;
				CLANG_ENABLE_OBJC_WEAK = YES;
				CLANG_WARN_BLOCK_CAPTURE_AUTORELEASING = YES;
				CLANG_WARN_BOOL_CONVERSION = YES;
				CLANG_WARN_COMMA = YES;
				CLANG_WARN_CONSTANT_CONVERSION = YES;
				CLANG_WARN_DEPRECATED_OBJC_IMPLEMENTATIONS = YES;
				CLANG_WARN_DIRECT_OBJC_ISA_USAGE = YES_ERROR;
				CLANG_WARN_DOCUMENTATION_COMMENTS = YES;
				CLANG_WARN_EMPTY_BODY = YES;
				CLANG_WARN_ENUM_CONVERSION = YES;
				CLANG_WARN_INFINITE_RECURSION = YES;
				CLANG_WARN_INT_CONVERSION = YES;
				CLANG_WARN_NON_LITERAL_NULL_CONVERSION = YES;
				CLANG_WARN_OBJC_IMPLICIT_RETAIN_SELF = YES;
				CLANG_WARN_OBJC_LITERAL_CONVERSION = YES;
				CLANG_WARN_OBJC_ROOT_CLASS = YES_ERROR;
				CLANG_WARN_QUOTED_INCLUDE_IN_FRAMEWORK_HEADER = YES;
				CLANG_WARN_RANGE_LOOP_ANALYSIS = YES;
				CLANG_WARN_STRICT_PROTOTYPES = YES;
				CLANG_WARN_SUSPICIOUS_MOVE = YES;
				CLANG_WARN_UNGUARDED_AVAILABILITY = YES_AGGRESSIVE;
				CLANG_WARN_UNREACHABLE_CODE = YES;
				CLANG_WARN__DUPLICATE_METHOD_MATCH = YES;
				COPY_PHASE_STRIP = NO;
				DEBUG_INFORMATION_FORMAT = "dwarf-with-dsym";
				ENABLE_NS_ASSERTIONS = NO;
				ENABLE_STRICT_OBJC_MSGSEND = YES;
				GCC_C_LANGUAGE_STANDARD = gnu11;
				GCC_NO_COMMON_BLOCKS = YES;
				GCC_WARN_64_TO_32_BIT_CONVERSION = YES;
				GCC_WARN_ABOUT_RETURN_TYPE = YES_ERROR;
				GCC_WARN_UNDECLARED_SELECTOR = YES;
				GCC_WARN_UNINITIALIZED_AUTOS = YES_AGGRESSIVE;
				GCC_WARN_UNUSED_FUNCTION = YES;
				GCC_WARN_UNUSED_VARIABLE = YES;
				IPHONEOS_DEPLOYMENT_TARGET = 14.5;
				MTL_ENABLE_DEBUG_INFO = NO;
				MTL_FAST_MATH = YES;
				SDKROOT = iphoneos;
				SWIFT_COMPILATION_MODE = wholemodule;
				SWIFT_OPTIMIZATION_LEVEL = "-O";
				VALIDATE_PRODUCT = YES;
			};
			name = Release;
		};
		5DDA9E882711671200938A30 /* Debug */ = {
			isa = XCBuildConfiguration;
			baseConfigurationReference = E8C00F8BBCCB39CCBC65B3B6 /* Pods-Black Oak.debug.xcconfig */;
			buildSettings = {
				ASSETCATALOG_COMPILER_APPICON_NAME = AppIcon;
				ASSETCATALOG_COMPILER_GLOBAL_ACCENT_COLOR_NAME = AccentColor;
				CODE_SIGN_STYLE = Automatic;
				DEVELOPMENT_TEAM = 3S33MP9Q38;
				INFOPLIST_FILE = "Black Oak/Info.plist";
				LD_RUNPATH_SEARCH_PATHS = (
					"$(inherited)",
					"@executable_path/Frameworks",
				);
				PRODUCT_BUNDLE_IDENTIFIER = "com.my.Black-Oak";
				PRODUCT_NAME = "$(TARGET_NAME)";
				SWIFT_VERSION = 5.0;
				TARGETED_DEVICE_FAMILY = "1,2";
			};
			name = Debug;
		};
		5DDA9E892711671200938A30 /* Release */ = {
			isa = XCBuildConfiguration;
			baseConfigurationReference = C84BCFDAB879C07C69A30C5B /* Pods-Black Oak.release.xcconfig */;
			buildSettings = {
				ASSETCATALOG_COMPILER_APPICON_NAME = AppIcon;
				ASSETCATALOG_COMPILER_GLOBAL_ACCENT_COLOR_NAME = AccentColor;
				CODE_SIGN_STYLE = Automatic;
				DEVELOPMENT_TEAM = 3S33MP9Q38;
				INFOPLIST_FILE = "Black Oak/Info.plist";
				LD_RUNPATH_SEARCH_PATHS = (
					"$(inherited)",
					"@executable_path/Frameworks",
				);
				PRODUCT_BUNDLE_IDENTIFIER = "com.my.Black-Oak";
				PRODUCT_NAME = "$(TARGET_NAME)";
				SWIFT_VERSION = 5.0;
				TARGETED_DEVICE_FAMILY = "1,2";
			};
			name = Release;
		};
/* End XCBuildConfiguration section */

/* Begin XCConfigurationList section */
		5DDA9E6E2711671200938A30 /* Build configuration list for PBXProject "Black Oak" */ = {
			isa = XCConfigurationList;
			buildConfigurations = (
				5DDA9E852711671200938A30 /* Debug */,
				5DDA9E862711671200938A30 /* Release */,
			);
			defaultConfigurationIsVisible = 0;
			defaultConfigurationName = Release;
		};
		5DDA9E872711671200938A30 /* Build configuration list for PBXNativeTarget "Black Oak" */ = {
			isa = XCConfigurationList;
			buildConfigurations = (
				5DDA9E882711671200938A30 /* Debug */,
				5DDA9E892711671200938A30 /* Release */,
			);
			defaultConfigurationIsVisible = 0;
			defaultConfigurationName = Release;
		};
/* End XCConfigurationList section */
	};
	rootObject = 5DDA9E6B2711671200938A30 /* Project object */;
}
